<?xml version="1.0" encoding="utf-8"?>
<Project ToolsVersion="4.0" xmlns="http://schemas.microsoft.com/developer/msbuild/2003">
  <ItemGroup>
    <Filter Include="Source Files">
      <UniqueIdentifier>{4FC737F1-C7A5-4376-A066-2A32D752A2FF}</UniqueIdentifier>
      <Extensions>cpp;c;cc;cxx;def;odl;idl;hpj;bat;asm;asmx</Extensions>
    </Filter>
    <Filter Include="Header Files">
      <UniqueIdentifier>{93995380-89BD-4b04-88EB-625FBE52EBFB}</UniqueIdentifier>
      <Extensions>h;hh;hpp;hxx;hm;inl;inc;xsd</Extensions>
    </Filter>
    <Filter Include="Resource Files">
      <UniqueIdentifier>{67DA6AB6-F800-4c08-8B7A-83BB121AAD01}</UniqueIdentifier>
      <Extensions>rc;ico;cur;bmp;dlg;rc2;rct;bin;rgs;gif;jpg;jpeg;jpe;resx;tiff;tif;png;wav;mfcribbon-ms</Extensions>
    </Filter>
  </ItemGroup>
  <ItemGroup>
    <Text Include="ReadMe.txt" />
  </ItemGroup>
  <ItemGroup>
    <ClInclude Include="camera.hpp">
      <Filter>Header Files</Filter>
    </ClInclude>
    <ClInclude Include="drawable.hpp">
      <Filter>Header Files</Filter>
    </ClInclude>
    <ClInclude Include="factory.hpp">
      <Filter>Header Files</Filter>
    </ClInclude>
    <ClInclude Include="image.hpp">
      <Filter>Header Files</Filter>
    </ClInclude>
    <ClInclude Include="physics.hpp">
      <Filter>Header Files</Filter>
    </ClInclude>
    <ClInclude Include="unicorn.hpp">
      <Filter>Header Files</Filter>
    </ClInclude>
    <ClInclude Include="wall.hpp">
      <Filter>Header Files</Filter>
    </ClInclude>
    <ClInclude Include="background.hpp">
      <Filter>Header Files</Filter>
    </ClInclude>
    <ClInclude Include="soundtrack.hpp">
      <Filter>Header Files</Filter>
    </ClInclude>
    <ClInclude Include="base_level.hpp">
      <Filter>Header Files</Filter>
    </ClInclude>
    <ClInclude Include="animation.hpp">
      <Filter>Header Files</Filter>
    </ClInclude>
    <ClInclude Include="bullet.hpp">
      <Filter>Header Files</Filter>
    </ClInclude>
    <ClInclude Include="npc.hpp">
      <Filter>Header Files</Filter>
    </ClInclude>
    <ClInclude Include="menu.hpp">
      <Filter>Header Files</Filter>
    </ClInclude>
    <ClInclude Include="button.hpp">
      <Filter>Header Files</Filter>
    </ClInclude>
  </ItemGroup>
  <ItemGroup>
    <ClCompile Include="main.cpp">
      <Filter>Source Files</Filter>
    </ClCompile>
    <ClCompile Include="camera.cpp">
      <Filter>Source Files</Filter>
    </ClCompile>
    <ClCompile Include="unicorn.cpp">
      <Filter>Source Files</Filter>
    </ClCompile>
    <ClCompile Include="factory.cpp">
      <Filter>Source Files</Filter>
    </ClCompile>
    <ClCompile Include="wall.cpp">
      <Filter>Source Files</Filter>
    </ClCompile>
    <ClCompile Include="physics.cpp">
      <Filter>Source Files</Filter>
    </ClCompile>
    <ClCompile Include="image.cpp">
      <Filter>Source Files</Filter>
    </ClCompile>
    <ClCompile Include="drawable.cpp">
      <Filter>Source Files</Filter>
    </ClCompile>
    <ClCompile Include="background.cpp">
      <Filter>Source Files</Filter>
    </ClCompile>
    <ClCompile Include="soundtrack.cpp">
      <Filter>Source Files</Filter>
    </ClCompile>
    <ClCompile Include="base_level.cpp">
      <Filter>Source Files</Filter>
    </ClCompile>
    <ClCompile Include="animation.cpp">
      <Filter>Source Files</Filter>
    </ClCompile>
    <ClCompile Include="bullet.cpp">
      <Filter>Source Files</Filter>
    </ClCompile>
    <ClCompile Include="npc.cpp">
      <Filter>Source Files</Filter>
    </ClCompile>
    <ClCompile Include="menu.cpp">
      <Filter>Source Files</Filter>
    </ClCompile>
    <ClCompile Include="button.cpp">
      <Filter>Source Files</Filter>
    </ClCompile>
  </ItemGroup>
</Project>